
Microsoft Visual Studio Solution File, Format Version 12.00
# Visual Studio Version 17
VisualStudioVersion = 17.2.32630.192
MinimumVisualStudioVersion = 10.0.40219.1
Project("{FAE04EC0-301F-11D3-BF4B-00C04F79EFBC}") = "FunctionAppIsolated", "FunctionAppIsolated.csproj", "{5BF1EFCA-52E3-4C44-9A3E-4295AF388D5C}"
EndProject
Global
	GlobalSection(SolutionConfigurationPlatforms) = preSolution
		Debug|Any CPU = Debug|Any CPU
		Release|Any CPU = Release|Any CPU
	EndGlobalSection
	GlobalSection(ProjectConfigurationPlatforms) = postSolution
		{5BF1EFCA-52E3-4C44-9A3E-4295AF388D5C}.Debug|Any CPU.ActiveCfg = Debug|Any CPU
		{5BF1EFCA-52E3-4C44-9A3E-4295AF388D5C}.Debug|Any CPU.Build.0 = Debug|Any CPU
		{5BF1EFCA-52E3-4C44-9A3E-4295AF388D5C}.Release|Any CPU.ActiveCfg = Release|Any CPU
		{5BF1EFCA-52E3-4C44-9A3E-4295AF388D5C}.Release|Any CPU.Build.0 = Release|Any CPU
	EndGlobalSection
	GlobalSection(SolutionProperties) = preSolution
		HideSolutionNode = FALSE
	EndGlobalSection
	GlobalSection(ExtensibilityGlobals) = postSolution
		SolutionGuid = {9077DC03-5B0C-4C30-BEF4-7069EBBB845E}
	EndGlobalSection
EndGlobal
